// !$*UTF8*$!
{
	archiveVersion = 1;
	classes = {
	};
	objectVersion = 46;
	objects = {

/* Begin PBXBuildFile section */
		6674119C1C57BAC9003B540C /* AppDelegate.swift in Sources */ = {isa = PBXBuildFile; fileRef = 6674119B1C57BAC9003B540C /* AppDelegate.swift */; };
		6674119E1C57BAC9003B540C /* ViewController.swift in Sources */ = {isa = PBXBuildFile; fileRef = 6674119D1C57BAC9003B540C /* ViewController.swift */; };
		667411A11C57BAC9003B540C /* Main.storyboard in Resources */ = {isa = PBXBuildFile; fileRef = 6674119F1C57BAC9003B540C /* Main.storyboard */; };
		667411A31C57BAC9003B540C /* Assets.xcassets in Resources */ = {isa = PBXBuildFile; fileRef = 667411A21C57BAC9003B540C /* Assets.xcassets */; };
		667411A61C57BAC9003B540C /* LaunchScreen.storyboard in Resources */ = {isa = PBXBuildFile; fileRef = 667411A41C57BAC9003B540C /* LaunchScreen.storyboard */; };
		667411B11C57BAC9003B540C /* semana1Tests.swift in Sources */ = {isa = PBXBuildFile; fileRef = 667411B01C57BAC9003B540C /* semana1Tests.swift */; };
		667411BC1C57BAC9003B540C /* semana1UITests.swift in Sources */ = {isa = PBXBuildFile; fileRef = 667411BB1C57BAC9003B540C /* semana1UITests.swift */; };
/* End PBXBuildFile section */

/* Begin PBXContainerItemProxy section */
		667411AD1C57BAC9003B540C /* PBXContainerItemProxy */ = {
			isa = PBXContainerItemProxy;
			containerPortal = 667411901C57BAC9003B540C /* Project object */;
			proxyType = 1;
			remoteGlobalIDString = 667411971C57BAC9003B540C;
			remoteInfo = semana1;
		};
		667411B81C57BAC9003B540C /* PBXContainerItemProxy */ = {
			isa = PBXContainerItemProxy;
			containerPortal = 667411901C57BAC9003B540C /* Project object */;
			proxyType = 1;
			remoteGlobalIDString = 667411971C57BAC9003B540C;
			remoteInfo = semana1;
		};
/* End PBXContainerItemProxy section */

/* Begin PBXFileReference section */
		667411981C57BAC9003B540C /* semana1.app */ = {isa = PBXFileReference; explicitFileType = wrapper.application; includeInIndex = 0; path = semana1.app; sourceTree = BUILT_PRODUCTS_DIR; };
		6674119B1C57BAC9003B540C /* AppDelegate.swift */ = {isa = PBXFileReference; lastKnownFileType = sourcecode.swift; path = AppDelegate.swift; sourceTree = "<group>"; };
		6674119D1C57BAC9003B540C /* ViewController.swift */ = {isa = PBXFileReference; lastKnownFileType = sourcecode.swift; path = ViewController.swift; sourceTree = "<group>"; };
		667411A01C57BAC9003B540C /* Base */ = {isa = PBXFileReference; lastKnownFileType = file.storyboard; name = Base; path = Base.lproj/Main.storyboard; sourceTree = "<group>"; };
		667411A21C57BAC9003B540C /* Assets.xcassets */ = {isa = PBXFileReference; lastKnownFileType = folder.assetcatalog; path = Assets.xcassets; sourceTree = "<group>"; };
		667411A51C57BAC9003B540C /* Base */ = {isa = PBXFileReference; lastKnownFileType = file.storyboard; name = Base; path = Base.lproj/LaunchScreen.storyboard; sourceTree = "<group>"; };
		667411A71C57BAC9003B540C /* Info.plist */ = {isa = PBXFileReference; lastKnownFileType = text.plist.xml; path = Info.plist; sourceTree = "<group>"; };
		667411AC1C57BAC9003B540C /* semana1Tests.xctest */ = {isa = PBXFileReference; explicitFileType = wrapper.cfbundle; includeInIndex = 0; path = semana1Tests.xctest; sourceTree = BUILT_PRODUCTS_DIR; };
		667411B01C57BAC9003B540C /* semana1Tests.swift */ = {isa = PBXFileReference; lastKnownFileType = sourcecode.swift; path = semana1Tests.swift; sourceTree = "<group>"; };
		667411B21C57BAC9003B540C /* Info.plist */ = {isa = PBXFileReference; lastKnownFileType = text.plist.xml; path = Info.plist; sourceTree = "<group>"; };
		667411B71C57BAC9003B540C /* semana1UITests.xctest */ = {isa = PBXFileReference; explicitFileType = wrapper.cfbundle; includeInIndex = 0; path = semana1UITests.xctest; sourceTree = BUILT_PRODUCTS_DIR; };
		667411BB1C57BAC9003B540C /* semana1UITests.swift */ = {isa = PBXFileReference; lastKnownFileType = sourcecode.swift; path = semana1UITests.swift; sourceTree = "<group>"; };
		667411BD1C57BAC9003B540C /* Info.plist */ = {isa = PBXFileReference; lastKnownFileType = text.plist.xml; path = Info.plist; sourceTree = "<group>"; };
/* End PBXFileReference section */

/* Begin PBXFrameworksBuildPhase section */
		667411951C57BAC9003B540C /* Frameworks */ = {
			isa = PBXFrameworksBuildPhase;
			buildActionMask = 2147483647;
			files = (
			);
			runOnlyForDeploymentPostprocessing = 0;
		};
		667411A91C57BAC9003B540C /* Frameworks */ = {
			isa = PBXFrameworksBuildPhase;
			buildActionMask = 2147483647;
			files = (
			);
			runOnlyForDeploymentPostprocessing = 0;
		};
		667411B41C57BAC9003B540C /* Frameworks */ = {
			isa = PBXFrameworksBuildPhase;
			buildActionMask = 2147483647;
			files = (
			);
			runOnlyForDeploymentPostprocessing = 0;
		};
/* End PBXFrameworksBuildPhase section */

/* Begin PBXGroup section */
		6674118F1C57BAC9003B540C = {
			isa = PBXGroup;
			children = (
				6674119A1C57BAC9003B540C /* semana1 */,
				667411AF1C57BAC9003B540C /* semana1Tests */,
				667411BA1C57BAC9003B540C /* semana1UITests */,
				667411991C57BAC9003B540C /* Products */,
			);
			sourceTree = "<group>";
		};
		667411991C57BAC9003B540C /* Products */ = {
			isa = PBXGroup;
			children = (
				667411981C57BAC9003B540C /* semana1.app */,
				667411AC1C57BAC9003B540C /* semana1Tests.xctest */,
				667411B71C57BAC9003B540C /* semana1UITests.xctest */,
			);
			name = Products;
			sourceTree = "<group>";
		};
		6674119A1C57BAC9003B540C /* semana1 */ = {
			isa = PBXGroup;
			children = (
				6674119B1C57BAC9003B540C /* AppDelegate.swift */,
				6674119D1C57BAC9003B540C /* ViewController.swift */,
				6674119F1C57BAC9003B540C /* Main.storyboard */,
				667411A21C57BAC9003B540C /* Assets.xcassets */,
				667411A41C57BAC9003B540C /* LaunchScreen.storyboard */,
				667411A71C57BAC9003B540C /* Info.plist */,
			);
			path = semana1;
			sourceTree = "<group>";
		};
		667411AF1C57BAC9003B540C /* semana1Tests */ = {
			isa = PBXGroup;
			children = (
				667411B01C57BAC9003B540C /* semana1Tests.swift */,
				667411B21C57BAC9003B540C /* Info.plist */,
			);
			path = semana1Tests;
			sourceTree = "<group>";
		};
		667411BA1C57BAC9003B540C /* semana1UITests */ = {
			isa = PBXGroup;
			children = (
				667411BB1C57BAC9003B540C /* semana1UITests.swift */,
				667411BD1C57BAC9003B540C /* Info.plist */,
			);
			path = semana1UITests;
			sourceTree = "<group>";
		};
/* End PBXGroup section */

/* Begin PBXNativeTarget section */
		667411971C57BAC9003B540C /* semana1 */ = {
			isa = PBXNativeTarget;
			buildConfigurationList = 667411C01C57BAC9003B540C /* Build configuration list for PBXNativeTarget "semana1" */;
			buildPhases = (
				667411941C57BAC9003B540C /* Sources */,
				667411951C57BAC9003B540C /* Frameworks */,
				667411961C57BAC9003B540C /* Resources */,
			);
			buildRules = (
			);
			dependencies = (
			);
			name = semana1;
			productName = semana1;
			productReference = 667411981C57BAC9003B540C /* semana1.app */;
			productType = "com.apple.product-type.application";
		};
		667411AB1C57BAC9003B540C /* semana1Tests */ = {
			isa = PBXNativeTarget;
			buildConfigurationList = 667411C31C57BAC9003B540C /* Build configuration list for PBXNativeTarget "semana1Tests" */;
			buildPhases = (
				667411A81C57BAC9003B540C /* Sources */,
				667411A91C57BAC9003B540C /* Frameworks */,
				667411AA1C57BAC9003B540C /* Resources */,
			);
			buildRules = (
			);
			dependencies = (
				667411AE1C57BAC9003B540C /* PBXTargetDependency */,
			);
			name = semana1Tests;
			productName = semana1Tests;
			productReference = 667411AC1C57BAC9003B540C /* semana1Tests.xctest */;
			productType = "com.apple.product-type.bundle.unit-test";
		};
		667411B61C57BAC9003B540C /* semana1UITests */ = {
			isa = PBXNativeTarget;
			buildConfigurationList = 667411C61C57BAC9003B540C /* Build configuration list for PBXNativeTarget "semana1UITests" */;
			buildPhases = (
				667411B31C57BAC9003B540C /* Sources */,
				667411B41C57BAC9003B540C /* Frameworks */,
				667411B51C57BAC9003B540C /* Resources */,
			);
			buildRules = (
			);
			dependencies = (
				667411B91C57BAC9003B540C /* PBXTargetDependency */,
			);
			name = semana1UITests;
			productName = semana1UITests;
			productReference = 667411B71C57BAC9003B540C /* semana1UITests.xctest */;
			productType = "com.apple.product-type.bundle.ui-testing";
		};
/* End PBXNativeTarget section */

/* Begin PBXProject section */
		667411901C57BAC9003B540C /* Project object */ = {
			isa = PBXProject;
			attributes = {
				LastSwiftUpdateCheck = 0720;
				LastUpgradeCheck = 0720;
				ORGANIZATIONNAME = segira;
				TargetAttributes = {
					667411971C57BAC9003B540C = {
						CreatedOnToolsVersion = 7.2;
					};
					667411AB1C57BAC9003B540C = {
						CreatedOnToolsVersion = 7.2;
						TestTargetID = 667411971C57BAC9003B540C;
					};
					667411B61C57BAC9003B540C = {
						CreatedOnToolsVersion = 7.2;
						TestTargetID = 667411971C57BAC9003B540C;
					};
				};
			};
			buildConfigurationList = 667411931C57BAC9003B540C /* Build configuration list for PBXProject "semana1" */;
			compatibilityVersion = "Xcode 3.2";
			developmentRegion = English;
			hasScannedForEncodings = 0;
			knownRegions = (
				en,
				Base,
			);
			mainGroup = 6674118F1C57BAC9003B540C;
			productRefGroup = 667411991C57BAC9003B540C /* Products */;
			projectDirPath = "";
			projectRoot = "";
			targets = (
				667411971C57BAC9003B540C /* semana1 */,
				667411AB1C57BAC9003B540C /* semana1Tests */,
				667411B61C57BAC9003B540C /* semana1UITests */,
			);
		};
/* End PBXProject section */

/* Begin PBXResourcesBuildPhase section */
		667411961C57BAC9003B540C /* Resources */ = {
			isa = PBXResourcesBuildPhase;
			buildActionMask = 2147483647;
			files = (
				667411A61C57BAC9003B540C /* LaunchScreen.storyboard in Resources */,
				667411A31C57BAC9003B540C /* Assets.xcassets in Resources */,
				667411A11C57BAC9003B540C /* Main.storyboard in Resources */,
			);
			runOnlyForDeploymentPostprocessing = 0;
		};
		667411AA1C57BAC9003B540C /* Resources */ = {
			isa = PBXResourcesBuildPhase;
			buildActionMask = 2147483647;
			files = (
			);
			runOnlyForDeploymentPostprocessing = 0;
		};
		667411B51C57BAC9003B540C /* Resources */ = {
			isa = PBXResourcesBuildPhase;
			buildActionMask = 2147483647;
			files = (
			);
			runOnlyForDeploymentPostprocessing = 0;
		};
/* End PBXResourcesBuildPhase section */

/* Begin PBXSourcesBuildPhase section */
		667411941C57BAC9003B540C /* Sources */ = {
			isa = PBXSourcesBuildPhase;
			buildActionMask = 2147483647;
			files = (
				6674119E1C57BAC9003B540C /* ViewController.swift in Sources */,
				6674119C1C57BAC9003B540C /* AppDelegate.swift in Sources */,
			);
			runOnlyForDeploymentPostprocessing = 0;
		};
		667411A81C57BAC9003B540C /* Sources */ = {
			isa = PBXSourcesBuildPhase;
			buildActionMask = 2147483647;
			files = (
				667411B11C57BAC9003B540C /* semana1Tests.swift in Sources */,
			);
			runOnlyForDeploymentPostprocessing = 0;
		};
		667411B31C57BAC9003B540C /* Sources */ = {
			isa = PBXSourcesBuildPhase;
			buildActionMask = 2147483647;
			files = (
				667411BC1C57BAC9003B540C /* semana1UITests.swift in Sources */,
			);
			runOnlyForDeploymentPostprocessing = 0;
		};
/* End PBXSourcesBuildPhase section */

/* Begin PBXTargetDependency section */
		667411AE1C57BAC9003B540C /* PBXTargetDependency */ = {
			isa = PBXTargetDependency;
			target = 667411971C57BAC9003B540C /* semana1 */;
			targetProxy = 667411AD1C57BAC9003B540C /* PBXContainerItemProxy */;
		};
		667411B91C57BAC9003B540C /* PBXTargetDependency */ = {
			isa = PBXTargetDependency;
			target = 667411971C57BAC9003B540C /* semana1 */;
			targetProxy = 667411B81C57BAC9003B540C /* PBXContainerItemProxy */;
		};
/* End PBXTargetDependency section */

/* Begin PBXVariantGroup section */
		6674119F1C57BAC9003B540C /* Main.storyboard */ = {
			isa = PBXVariantGroup;
			children = (
				667411A01C57BAC9003B540C /* Base */,
			);
			name = Main.storyboard;
			sourceTree = "<group>";
		};
		667411A41C57BAC9003B540C /* LaunchScreen.storyboard */ = {
			isa = PBXVariantGroup;
			children = (
				667411A51C57BAC9003B540C /* Base */,
			);
			name = LaunchScreen.storyboard;
			sourceTree = "<group>";
		};
/* End PBXVariantGroup section */

/* Begin XCBuildConfiguration section */
		667411BE1C57BAC9003B540C /* Debug */ = {
			isa = XCBuildConfiguration;
			buildSettings = {
				ALWAYS_SEARCH_USER_PATHS = NO;
				CLANG_CXX_LANGUAGE_STANDARD = "gnu++0x";
				CLANG_CXX_LIBRARY = "libc++";
				CLANG_ENABLE_MODULES = YES;
				CLANG_ENABLE_OBJC_ARC = YES;
				CLANG_WARN_BOOL_CONVERSION = YES;
				CLANG_WARN_CONSTANT_CONVERSION = YES;
				CLANG_WARN_DIRECT_OBJC_ISA_USAGE = YES_ERROR;
				CLANG_WARN_EMPTY_BODY = YES;
				CLANG_WARN_ENUM_CONVERSION = YES;
				CLANG_WARN_INT_CONVERSION = YES;
				CLANG_WARN_OBJC_ROOT_CLASS = YES_ERROR;
				CLANG_WARN_UNREACHABLE_CODE = YES;
				CLANG_WARN__DUPLICATE_METHOD_MATCH = YES;
				"CODE_SIGN_IDENTITY[sdk=iphoneos*]" = "iPhone Developer";
				COPY_PHASE_STRIP = NO;
				DEBUG_INFORMATION_FORMAT = dwarf;
				ENABLE_STRICT_OBJC_MSGSEND = YES;
				ENABLE_TESTABILITY = YES;
				GCC_C_LANGUAGE_STANDARD = gnu99;
				GCC_DYNAMIC_NO_PIC = NO;
				GCC_NO_COMMON_BLOCKS = YES;
				GCC_OPTIMIZATION_LEVEL = 0;
				GCC_PREPROCESSOR_DEFINITIONS = (
					"DEBUG=1",
					"$(inherited)",
				);
				GCC_WARN_64_TO_32_BIT_CONVERSION = YES;
				GCC_WARN_ABOUT_RETURN_TYPE = YES_ERROR;
				GCC_WARN_UNDECLARED_SELECTOR = YES;
				GCC_WARN_UNINITIALIZED_AUTOS = YES_AGGRESSIVE;
				GCC_WARN_UNUSED_FUNCTION = YES;
				GCC_WARN_UNUSED_VARIABLE = YES;
				IPHONEOS_DEPLOYMENT_TARGET = 9.2;
				MTL_ENABLE_DEBUG_INFO = YES;
				ONLY_ACTIVE_ARCH = YES;
				SDKROOT = iphoneos;
				SWIFT_OPTIMIZATION_LEVEL = "-Onone";
			};
			name = Debug;
		};
		667411BF1C57BAC9003B540C /* Release */ = {
			isa = XCBuildConfiguration;
			buildSettings = {
				ALWAYS_SEARCH_USER_PATHS = NO;
				CLANG_CXX_LANGUAGE_STANDARD = "gnu++0x";
				CLANG_CXX_LIBRARY = "libc++";
				CLANG_ENABLE_MODULES = YES;
				CLANG_ENABLE_OBJC_ARC = YES;
				CLANG_WARN_BOOL_CONVERSION = YES;
				CLANG_WARN_CONSTANT_CONVERSION = YES;
				CLANG_WARN_DIRECT_OBJC_ISA_USAGE = YES_ERROR;
				CLANG_WARN_EMPTY_BODY = YES;
				CLANG_WARN_ENUM_CONVERSION = YES;
				CLANG_WARN_INT_CONVERSION = YES;
				CLANG_WARN_OBJC_ROOT_CLASS = YES_ERROR;
				CLANG_WARN_UNREACHABLE_CODE = YES;
				CLANG_WARN__DUPLICATE_METHOD_MATCH = YES;
				"CODE_SIGN_IDENTITY[sdk=iphoneos*]" = "iPhone Developer";
				COPY_PHASE_STRIP = NO;
				DEBUG_INFORMATION_FORMAT = "dwarf-with-dsym";
				ENABLE_NS_ASSERTIONS = NO;
				ENABLE_STRICT_OBJC_MSGSEND = YES;
				GCC_C_LANGUAGE_STANDARD = gnu99;
				GCC_NO_COMMON_BLOCKS = YES;
				GCC_WARN_64_TO_32_BIT_CONVERSION = YES;
				GCC_WARN_ABOUT_RETURN_TYPE = YES_ERROR;
				GCC_WARN_UNDECLARED_SELECTOR = YES;
				GCC_WARN_UNINITIALIZED_AUTOS = YES_AGGRESSIVE;
				GCC_WARN_UNUSED_FUNCTION = YES;
				GCC_WARN_UNUSED_VARIABLE = YES;
				IPHONEOS_DEPLOYMENT_TARGET = 9.2;
				MTL_ENABLE_DEBUG_INFO = NO;
				SDKROOT = iphoneos;
				VALIDATE_PRODUCT = YES;
			};
			name = Release;
		};
		667411C11C57BAC9003B540C /* Debug */ = {
			isa = XCBuildConfiguration;
			buildSettings = {
				ASSETCATALOG_COMPILER_APPICON_NAME = AppIcon;
				INFOPLIST_FILE = semana1/Info.plist;
				LD_RUNPATH_SEARCH_PATHS = "$(inherited) @executable_path/Frameworks";
				PRODUCT_BUNDLE_IDENTIFIER = com.example.semana1;
				PRODUCT_NAME = "$(TARGET_NAME)";
			};
			name = Debug;
		};
		667411C21C57BAC9003B540C /* Release */ = {
			isa = XCBuildConfiguration;
			buildSettings = {
				ASSETCATALOG_COMPILER_APPICON_NAME = AppIcon;
				INFOPLIST_FILE = semana1/Info.plist;
				LD_RUNPATH_SEARCH_PATHS = "$(inherited) @executable_path/Frameworks";
				PRODUCT_BUNDLE_IDENTIFIER = com.example.semana1;
				PRODUCT_NAME = "$(TARGET_NAME)";
			};
			name = Release;
		};
		667411C41C57BAC9003B540C /* Debug */ = {
			isa = XCBuildConfiguration;
			buildSettings = {
				BUNDLE_LOADER = "$(TEST_HOST)";
				INFOPLIST_FILE = semana1Tests/Info.plist;
				LD_RUNPATH_SEARCH_PATHS = "$(inherited) @executable_path/Frameworks @loader_path/Frameworks";
				PRODUCT_BUNDLE_IDENTIFIER = com.example.semana1Tests;
				PRODUCT_NAME = "$(TARGET_NAME)";
				TEST_HOST = "$(BUILT_PRODUCTS_DIR)/semana1.app/semana1";
			};
			name = Debug;
		};
		667411C51C57BAC9003B540C /* Release */ = {
			isa = XCBuildConfiguration;
			buildSettings = {
				BUNDLE_LOADER = "$(TEST_HOST)";
				INFOPLIST_FILE = semana1Tests/Info.plist;
				LD_RUNPATH_SEARCH_PATHS = "$(inherited) @executable_path/Frameworks @loader_path/Frameworks";
				PRODUCT_BUNDLE_IDENTIFIER = com.example.semana1Tests;
				PRODUCT_NAME = "$(TARGET_NAME)";
				TEST_HOST = "$(BUILT_PRODUCTS_DIR)/semana1.app/semana1";
			};
			name = Release;
		};
		667411C71C57BAC9003B540C /* Debug */ = {
			isa = XCBuildConfiguration;
			buildSettings = {
				INFOPLIST_FILE = semana1UITests/Info.plist;
				LD_RUNPATH_SEARCH_PATHS = "$(inherited) @executable_path/Frameworks @loader_path/Frameworks";
				PRODUCT_BUNDLE_IDENTIFIER = com.example.semana1UITests;
				PRODUCT_NAME = "$(TARGET_NAME)";
				TEST_TARGET_NAME = semana1;
				USES_XCTRUNNER = YES;
			};
			name = Debug;
		};
		667411C81C57BAC9003B540C /* Release */ = {
			isa = XCBuildConfiguration;
			buildSettings = {
				INFOPLIST_FILE = semana1UITests/Info.plist;
				LD_RUNPATH_SEARCH_PATHS = "$(inherited) @executable_path/Frameworks @loader_path/Frameworks";
				PRODUCT_BUNDLE_IDENTIFIER = com.example.semana1UITests;
				PRODUCT_NAME = "$(TARGET_NAME)";
				TEST_TARGET_NAME = semana1;
				USES_XCTRUNNER = YES;
			};
			name = Release;
		};
/* End XCBuildConfiguration section */

/* Begin XCConfigurationList section */
		667411931C57BAC9003B540C /* Build configuration list for PBXProject "semana1" */ = {
			isa = XCConfigurationList;
			buildConfigurations = (
				667411BE1C57BAC9003B540C /* Debug */,
				667411BF1C57BAC9003B540C /* Release */,
			);
			defaultConfigurationIsVisible = 0;
			defaultConfigurationName = Release;
		};
		667411C01C57BAC9003B540C /* Build configuration list for PBXNativeTarget "semana1" */ = {
			isa = XCConfigurationList;
			buildConfigurations = (
				667411C11C57BAC9003B540C /* Debug */,
				667411C21C57BAC9003B540C /* Release */,
			);
			defaultConfigurationIsVisible = 0;
		};
		667411C31C57BAC9003B540C /* Build configuration list for PBXNativeTarget "semana1Tests" */ = {
			isa = XCConfigurationList;
			buildConfigurations = (
				667411C41C57BAC9003B540C /* Debug */,
				667411C51C57BAC9003B540C /* Release */,
			);
			defaultConfigurationIsVisible = 0;
		};
		667411C61C57BAC9003B540C /* Build configuration list for PBXNativeTarget "semana1UITests" */ = {
			isa = XCConfigurationList;
			buildConfigurations = (
				667411C71C57BAC9003B540C /* Debug */,
				667411C81C57BAC9003B540C /* Release */,
			);
			defaultConfigurationIsVisible = 0;
		};
/* End XCConfigurationList section */
	};
	rootObject = 667411901C57BAC9003B540C /* Project object */;
}
